
Microsoft Visual Studio Solution File, Format Version 12.00
# Visual Studio Version 17
VisualStudioVersion = 17.7.34031.279
MinimumVisualStudioVersion = 10.0.40219.1
Project("{FAE04EC0-301F-11D3-BF4B-00C04F79EFBC}") = "testing", "testing\testing.csproj", "{8525DC90-0666-4EC8-9EC9-3128323576DC}"
EndProject
Global
	GlobalSection(SolutionConfigurationPlatforms) = preSolution
		Debug|Any CPU = Debug|Any CPU
		Release|Any CPU = Release|Any CPU
	EndGlobalSection
	GlobalSection(ProjectConfigurationPlatforms) = postSolution
		{8525DC90-0666-4EC8-9EC9-3128323576DC}.Debug|Any CPU.ActiveCfg = Debug|Any CPU
		{8525DC90-0666-4EC8-9EC9-3128323576DC}.Debug|Any CPU.Build.0 = Debug|Any CPU
		{8525DC90-0666-4EC8-9EC9-3128323576DC}.Release|Any CPU.ActiveCfg = Release|Any CPU
		{8525DC90-0666-4EC8-9EC9-3128323576DC}.Release|Any CPU.Build.0 = Release|Any CPU
	EndGlobalSection
	GlobalSection(SolutionProperties) = preSolution
		HideSolutionNode = FALSE
	EndGlobalSection
	GlobalSection(ExtensibilityGlobals) = postSolution
		SolutionGuid = {B039D0EA-94D4-444E-9E5D-359464567F52}
	EndGlobalSection
EndGlobal
